// !$*UTF8*$!
{
	archiveVersion = 1;
	classes = {
	};
	objectVersion = 77;
	objects = {

/* Begin PBXContainerItemProxy section */
		CC2BF2D42CFF088100827174 /* PBXContainerItemProxy */ = {
			isa = PBXContainerItemProxy;
			containerPortal = CC2BF2BB2CFF087F00827174 /* Project object */;
			proxyType = 1;
			remoteGlobalIDString = CC2BF2C22CFF087F00827174;
			remoteInfo = BasicInventorySystem;
		};
		CC2BF2DE2CFF088100827174 /* PBXContainerItemProxy */ = {
			isa = PBXContainerItemProxy;
			containerPortal = CC2BF2BB2CFF087F00827174 /* Project object */;
			proxyType = 1;
			remoteGlobalIDString = CC2BF2C22CFF087F00827174;
			remoteInfo = BasicInventorySystem;
		};
/* End PBXContainerItemProxy section */

/* Begin PBXFileReference section */
		CC2BF2C32CFF087F00827174 /* BasicInventorySystem.app */ = {isa = PBXFileReference; explicitFileType = wrapper.application; includeInIndex = 0; path = BasicInventorySystem.app; sourceTree = BUILT_PRODUCTS_DIR; };
		CC2BF2D32CFF088100827174 /* BasicInventorySystemTests.xctest */ = {isa = PBXFileReference; explicitFileType = wrapper.cfbundle; includeInIndex = 0; path = BasicInventorySystemTests.xctest; sourceTree = BUILT_PRODUCTS_DIR; };
		CC2BF2DD2CFF088100827174 /* BasicInventorySystemUITests.xctest */ = {isa = PBXFileReference; explicitFileType = wrapper.cfbundle; includeInIndex = 0; path = BasicInventorySystemUITests.xctest; sourceTree = BUILT_PRODUCTS_DIR; };
/* End PBXFileReference section */

/* Begin PBXFileSystemSynchronizedRootGroup section */
		CC2BF2C52CFF087F00827174 /* BasicInventorySystem */ = {
			isa = PBXFileSystemSynchronizedRootGroup;
			path = BasicInventorySystem;
			sourceTree = "<group>";
		};
		CC2BF2D62CFF088100827174 /* BasicInventorySystemTests */ = {
			isa = PBXFileSystemSynchronizedRootGroup;
			path = BasicInventorySystemTests;
			sourceTree = "<group>";
		};
		CC2BF2E02CFF088100827174 /* BasicInventorySystemUITests */ = {
			isa = PBXFileSystemSynchronizedRootGroup;
			path = BasicInventorySystemUITests;
			sourceTree = "<group>";
		};
/* End PBXFileSystemSynchronizedRootGroup section */

/* Begin PBXFrameworksBuildPhase section */
		CC2BF2C02CFF087F00827174 /* Frameworks */ = {
			isa = PBXFrameworksBuildPhase;
			buildActionMask = 2147483647;
			files = (
			);
			runOnlyForDeploymentPostprocessing = 0;
		};
		CC2BF2D02CFF088100827174 /* Frameworks */ = {
			isa = PBXFrameworksBuildPhase;
			buildActionMask = 2147483647;
			files = (
			);
			runOnlyForDeploymentPostprocessing = 0;
		};
		CC2BF2DA2CFF088100827174 /* Frameworks */ = {
			isa = PBXFrameworksBuildPhase;
			buildActionMask = 2147483647;
			files = (
			);
			runOnlyForDeploymentPostprocessing = 0;
		};
/* End PBXFrameworksBuildPhase section */

/* Begin PBXGroup section */
		CC2BF2BA2CFF087F00827174 = {
			isa = PBXGroup;
			children = (
				CC2BF2C52CFF087F00827174 /* BasicInventorySystem */,
				CC2BF2D62CFF088100827174 /* BasicInventorySystemTests */,
				CC2BF2E02CFF088100827174 /* BasicInventorySystemUITests */,
				CC2BF2C42CFF087F00827174 /* Products */,
			);
			sourceTree = "<group>";
		};
		CC2BF2C42CFF087F00827174 /* Products */ = {
			isa = PBXGroup;
			children = (
				CC2BF2C32CFF087F00827174 /* BasicInventorySystem.app */,
				CC2BF2D32CFF088100827174 /* BasicInventorySystemTests.xctest */,
				CC2BF2DD2CFF088100827174 /* BasicInventorySystemUITests.xctest */,
			);
			name = Products;
			sourceTree = "<group>";
		};
/* End PBXGroup section */

/* Begin PBXNativeTarget section */
		CC2BF2C22CFF087F00827174 /* BasicInventorySystem */ = {
			isa = PBXNativeTarget;
			buildConfigurationList = CC2BF2E72CFF088100827174 /* Build configuration list for PBXNativeTarget "BasicInventorySystem" */;
			buildPhases = (
				CC2BF2BF2CFF087F00827174 /* Sources */,
				CC2BF2C02CFF087F00827174 /* Frameworks */,
				CC2BF2C12CFF087F00827174 /* Resources */,
			);
			buildRules = (
			);
			dependencies = (
			);
			fileSystemSynchronizedGroups = (
				CC2BF2C52CFF087F00827174 /* BasicInventorySystem */,
			);
			name = BasicInventorySystem;
			packageProductDependencies = (
			);
			productName = BasicInventorySystem;
			productReference = CC2BF2C32CFF087F00827174 /* BasicInventorySystem.app */;
			productType = "com.apple.product-type.application";
		};
		CC2BF2D22CFF088100827174 /* BasicInventorySystemTests */ = {
			isa = PBXNativeTarget;
			buildConfigurationList = CC2BF2EA2CFF088100827174 /* Build configuration list for PBXNativeTarget "BasicInventorySystemTests" */;
			buildPhases = (
				CC2BF2CF2CFF088100827174 /* Sources */,
				CC2BF2D02CFF088100827174 /* Frameworks */,
				CC2BF2D12CFF088100827174 /* Resources */,
			);
			buildRules = (
			);
			dependencies = (
				CC2BF2D52CFF088100827174 /* PBXTargetDependency */,
			);
			fileSystemSynchronizedGroups = (
				CC2BF2D62CFF088100827174 /* BasicInventorySystemTests */,
			);
			name = BasicInventorySystemTests;
			packageProductDependencies = (
			);
			productName = BasicInventorySystemTests;
			productReference = CC2BF2D32CFF088100827174 /* BasicInventorySystemTests.xctest */;
			productType = "com.apple.product-type.bundle.unit-test";
		};
		CC2BF2DC2CFF088100827174 /* BasicInventorySystemUITests */ = {
			isa = PBXNativeTarget;
			buildConfigurationList = CC2BF2ED2CFF088100827174 /* Build configuration list for PBXNativeTarget "BasicInventorySystemUITests" */;
			buildPhases = (
				CC2BF2D92CFF088100827174 /* Sources */,
				CC2BF2DA2CFF088100827174 /* Frameworks */,
				CC2BF2DB2CFF088100827174 /* Resources */,
			);
			buildRules = (
			);
			dependencies = (
				CC2BF2DF2CFF088100827174 /* PBXTargetDependency */,
			);
			fileSystemSynchronizedGroups = (
				CC2BF2E02CFF088100827174 /* BasicInventorySystemUITests */,
			);
			name = BasicInventorySystemUITests;
			packageProductDependencies = (
			);
			productName = BasicInventorySystemUITests;
			productReference = CC2BF2DD2CFF088100827174 /* BasicInventorySystemUITests.xctest */;
			productType = "com.apple.product-type.bundle.ui-testing";
		};
/* End PBXNativeTarget section */

/* Begin PBXProject section */
		CC2BF2BB2CFF087F00827174 /* Project object */ = {
			isa = PBXProject;
			attributes = {
				BuildIndependentTargetsInParallel = 1;
				LastSwiftUpdateCheck = 1610;
				LastUpgradeCheck = 1610;
				TargetAttributes = {
					CC2BF2C22CFF087F00827174 = {
						CreatedOnToolsVersion = 16.1;
					};
					CC2BF2D22CFF088100827174 = {
						CreatedOnToolsVersion = 16.1;
						TestTargetID = CC2BF2C22CFF087F00827174;
					};
					CC2BF2DC2CFF088100827174 = {
						CreatedOnToolsVersion = 16.1;
						TestTargetID = CC2BF2C22CFF087F00827174;
					};
				};
			};
			buildConfigurationList = CC2BF2BE2CFF087F00827174 /* Build configuration list for PBXProject "BasicInventorySystem" */;
			developmentRegion = en;
			hasScannedForEncodings = 0;
			knownRegions = (
				en,
				Base,
			);
			mainGroup = CC2BF2BA2CFF087F00827174;
			minimizedProjectReferenceProxies = 1;
			packageReferences = (
				CCBE49F22D08282C0036940C /* XCRemoteSwiftPackageReference "SQLite.swift" */,
			);
			preferredProjectObjectVersion = 77;
			productRefGroup = CC2BF2C42CFF087F00827174 /* Products */;
			projectDirPath = "";
			projectRoot = "";
			targets = (
				CC2BF2C22CFF087F00827174 /* BasicInventorySystem */,
				CC2BF2D22CFF088100827174 /* BasicInventorySystemTests */,
				CC2BF2DC2CFF088100827174 /* BasicInventorySystemUITests */,
			);
		};
/* End PBXProject section */

/* Begin PBXResourcesBuildPhase section */
		CC2BF2C12CFF087F00827174 /* Resources */ = {
			isa = PBXResourcesBuildPhase;
			buildActionMask = 2147483647;
			files = (
			);
			runOnlyForDeploymentPostprocessing = 0;
		};
		CC2BF2D12CFF088100827174 /* Resources */ = {
			isa = PBXResourcesBuildPhase;
			buildActionMask = 2147483647;
			files = (
			);
			runOnlyForDeploymentPostprocessing = 0;
		};
		CC2BF2DB2CFF088100827174 /* Resources */ = {
			isa = PBXResourcesBuildPhase;
			buildActionMask = 2147483647;
			files = (
			);
			runOnlyForDeploymentPostprocessing = 0;
		};
/* End PBXResourcesBuildPhase section */

/* Begin PBXSourcesBuildPhase section */
		CC2BF2BF2CFF087F00827174 /* Sources */ = {
			isa = PBXSourcesBuildPhase;
			buildActionMask = 2147483647;
			files = (
			);
			runOnlyForDeploymentPostprocessing = 0;
		};
		CC2BF2CF2CFF088100827174 /* Sources */ = {
			isa = PBXSourcesBuildPhase;
			buildActionMask = 2147483647;
			files = (
			);
			runOnlyForDeploymentPostprocessing = 0;
		};
		CC2BF2D92CFF088100827174 /* Sources */ = {
			isa = PBXSourcesBuildPhase;
			buildActionMask = 2147483647;
			files = (
			);
			runOnlyForDeploymentPostprocessing = 0;
		};
/* End PBXSourcesBuildPhase section */

/* Begin PBXTargetDependency section */
		CC2BF2D52CFF088100827174 /* PBXTargetDependency */ = {
			isa = PBXTargetDependency;
			target = CC2BF2C22CFF087F00827174 /* BasicInventorySystem */;
			targetProxy = CC2BF2D42CFF088100827174 /* PBXContainerItemProxy */;
		};
		CC2BF2DF2CFF088100827174 /* PBXTargetDependency */ = {
			isa = PBXTargetDependency;
			target = CC2BF2C22CFF087F00827174 /* BasicInventorySystem */;
			targetProxy = CC2BF2DE2CFF088100827174 /* PBXContainerItemProxy */;
		};
/* End PBXTargetDependency section */

/* Begin XCBuildConfiguration section */
		CC2BF2E52CFF088100827174 /* Debug */ = {
			isa = XCBuildConfiguration;
			buildSettings = {
				ALWAYS_SEARCH_USER_PATHS = NO;
				ASSETCATALOG_COMPILER_GENERATE_SWIFT_ASSET_SYMBOL_EXTENSIONS = YES;
				CLANG_ANALYZER_NONNULL = YES;
				CLANG_ANALYZER_NUMBER_OBJECT_CONVERSION = YES_AGGRESSIVE;
				CLANG_CXX_LANGUAGE_STANDARD = "gnu++20";
				CLANG_ENABLE_MODULES = YES;
				CLANG_ENABLE_OBJC_ARC = YES;
				CLANG_ENABLE_OBJC_WEAK = YES;
				CLANG_WARN_BLOCK_CAPTURE_AUTORELEASING = YES;
				CLANG_WARN_BOOL_CONVERSION = YES;
				CLANG_WARN_COMMA = YES;
				CLANG_WARN_CONSTANT_CONVERSION = YES;
				CLANG_WARN_DEPRECATED_OBJC_IMPLEMENTATIONS = YES;
				CLANG_WARN_DIRECT_OBJC_ISA_USAGE = YES_ERROR;
				CLANG_WARN_DOCUMENTATION_COMMENTS = YES;
				CLANG_WARN_EMPTY_BODY = YES;
				CLANG_WARN_ENUM_CONVERSION = YES;
				CLANG_WARN_INFINITE_RECURSION = YES;
				CLANG_WARN_INT_CONVERSION = YES;
				CLANG_WARN_NON_LITERAL_NULL_CONVERSION = YES;
				CLANG_WARN_OBJC_IMPLICIT_RETAIN_SELF = YES;
				CLANG_WARN_OBJC_LITERAL_CONVERSION = YES;
				CLANG_WARN_OBJC_ROOT_CLASS = YES_ERROR;
				CLANG_WARN_QUOTED_INCLUDE_IN_FRAMEWORK_HEADER = YES;
				CLANG_WARN_RANGE_LOOP_ANALYSIS = YES;
				CLANG_WARN_STRICT_PROTOTYPES = YES;
				CLANG_WARN_SUSPICIOUS_MOVE = YES;
				CLANG_WARN_UNGUARDED_AVAILABILITY = YES_AGGRESSIVE;
				CLANG_WARN_UNREACHABLE_CODE = YES;
				CLANG_WARN__DUPLICATE_METHOD_MATCH = YES;
				COPY_PHASE_STRIP = NO;
				DEBUG_INFORMATION_FORMAT = dwarf;
				ENABLE_STRICT_OBJC_MSGSEND = YES;
				ENABLE_TESTABILITY = YES;
				ENABLE_USER_SCRIPT_SANDBOXING = YES;
				GCC_C_LANGUAGE_STANDARD = gnu17;
				GCC_DYNAMIC_NO_PIC = NO;
				GCC_NO_COMMON_BLOCKS = YES;
				GCC_OPTIMIZATION_LEVEL = 0;
				GCC_PREPROCESSOR_DEFINITIONS = (
					"DEBUG=1",
					"$(inherited)",
				);
				GCC_WARN_64_TO_32_BIT_CONVERSION = YES;
				GCC_WARN_ABOUT_RETURN_TYPE = YES_ERROR;
				GCC_WARN_UNDECLARED_SELECTOR = YES;
				GCC_WARN_UNINITIALIZED_AUTOS = YES_AGGRESSIVE;
				GCC_WARN_UNUSED_FUNCTION = YES;
				GCC_WARN_UNUSED_VARIABLE = YES;
				IPHONEOS_DEPLOYMENT_TARGET = 18.1;
				LOCALIZATION_PREFERS_STRING_CATALOGS = YES;
				MTL_ENABLE_DEBUG_INFO = INCLUDE_SOURCE;
				MTL_FAST_MATH = YES;
				ONLY_ACTIVE_ARCH = YES;
				SDKROOT = iphoneos;
				SWIFT_ACTIVE_COMPILATION_CONDITIONS = "DEBUG $(inherited)";
				SWIFT_OPTIMIZATION_LEVEL = "-Onone";
			};
			name = Debug;
		};
		CC2BF2E62CFF088100827174 /* Release */ = {
			isa = XCBuildConfiguration;
			buildSettings = {
				ALWAYS_SEARCH_USER_PATHS = NO;
				ASSETCATALOG_COMPILER_GENERATE_SWIFT_ASSET_SYMBOL_EXTENSIONS = YES;
				CLANG_ANALYZER_NONNULL = YES;
				CLANG_ANALYZER_NUMBER_OBJECT_CONVERSION = YES_AGGRESSIVE;
				CLANG_CXX_LANGUAGE_STANDARD = "gnu++20";
				CLANG_ENABLE_MODULES = YES;
				CLANG_ENABLE_OBJC_ARC = YES;
				CLANG_ENABLE_OBJC_WEAK = YES;
				CLANG_WARN_BLOCK_CAPTURE_AUTORELEASING = YES;
				CLANG_WARN_BOOL_CONVERSION = YES;
				CLANG_WARN_COMMA = YES;
				CLANG_WARN_CONSTANT_CONVERSION = YES;
				CLANG_WARN_DEPRECATED_OBJC_IMPLEMENTATIONS = YES;
				CLANG_WARN_DIRECT_OBJC_ISA_USAGE = YES_ERROR;
				CLANG_WARN_DOCUMENTATION_COMMENTS = YES;
				CLANG_WARN_EMPTY_BODY = YES;
				CLANG_WARN_ENUM_CONVERSION = YES;
				CLANG_WARN_INFINITE_RECURSION = YES;
				CLANG_WARN_INT_CONVERSION = YES;
				CLANG_WARN_NON_LITERAL_NULL_CONVERSION = YES;
				CLANG_WARN_OBJC_IMPLICIT_RETAIN_SELF = YES;
				CLANG_WARN_OBJC_LITERAL_CONVERSION = YES;
				CLANG_WARN_OBJC_ROOT_CLASS = YES_ERROR;
				CLANG_WARN_QUOTED_INCLUDE_IN_FRAMEWORK_HEADER = YES;
				CLANG_WARN_RANGE_LOOP_ANALYSIS = YES;
				CLANG_WARN_STRICT_PROTOTYPES = YES;
				CLANG_WARN_SUSPICIOUS_MOVE = YES;
				CLANG_WARN_UNGUARDED_AVAILABILITY = YES_AGGRESSIVE;
				CLANG_WARN_UNREACHABLE_CODE = YES;
				CLANG_WARN__DUPLICATE_METHOD_MATCH = YES;
				COPY_PHASE_STRIP = NO;
				DEBUG_INFORMATION_FORMAT = "dwarf-with-dsym";
				ENABLE_NS_ASSERTIONS = NO;
				ENABLE_STRICT_OBJC_MSGSEND = YES;
				ENABLE_USER_SCRIPT_SANDBOXING = YES;
				GCC_C_LANGUAGE_STANDARD = gnu17;
				GCC_NO_COMMON_BLOCKS = YES;
				GCC_WARN_64_TO_32_BIT_CONVERSION = YES;
				GCC_WARN_ABOUT_RETURN_TYPE = YES_ERROR;
				GCC_WARN_UNDECLARED_SELECTOR = YES;
				GCC_WARN_UNINITIALIZED_AUTOS = YES_AGGRESSIVE;
				GCC_WARN_UNUSED_FUNCTION = YES;
				GCC_WARN_UNUSED_VARIABLE = YES;
				IPHONEOS_DEPLOYMENT_TARGET = 18.1;
				LOCALIZATION_PREFERS_STRING_CATALOGS = YES;
				MTL_ENABLE_DEBUG_INFO = NO;
				MTL_FAST_MATH = YES;
				SDKROOT = iphoneos;
				SWIFT_COMPILATION_MODE = wholemodule;
				VALIDATE_PRODUCT = YES;
			};
			name = Release;
		};
		CC2BF2E82CFF088100827174 /* Debug */ = {
			isa = XCBuildConfiguration;
			buildSettings = {
				ASSETCATALOG_COMPILER_APPICON_NAME = AppIcon;
				ASSETCATALOG_COMPILER_GLOBAL_ACCENT_COLOR_NAME = AccentColor;
				CODE_SIGN_STYLE = Automatic;
				CURRENT_PROJECT_VERSION = 1;
				DEVELOPMENT_ASSET_PATHS = "\"BasicInventorySystem/Preview Content\"";
				DEVELOPMENT_TEAM = 9P9VTH9R87;
				ENABLE_PREVIEWS = YES;
				GENERATE_INFOPLIST_FILE = YES;
				INFOPLIST_KEY_NSCameraUsageDescription = "This app uses camera to capture photos";
				INFOPLIST_KEY_UIApplicationSceneManifest_Generation = YES;
				INFOPLIST_KEY_UIApplicationSupportsIndirectInputEvents = YES;
				INFOPLIST_KEY_UILaunchScreen_Generation = YES;
				INFOPLIST_KEY_UISupportedInterfaceOrientations_iPad = "UIInterfaceOrientationPortrait UIInterfaceOrientationPortraitUpsideDown UIInterfaceOrientationLandscapeLeft UIInterfaceOrientationLandscapeRight";
				INFOPLIST_KEY_UISupportedInterfaceOrientations_iPhone = "UIInterfaceOrientationPortrait UIInterfaceOrientationLandscapeLeft UIInterfaceOrientationLandscapeRight";
				IPHONEOS_DEPLOYMENT_TARGET = 16.6;
				LD_RUNPATH_SEARCH_PATHS = (
					"$(inherited)",
					"@executable_path/Frameworks",
				);
				MARKETING_VERSION = 1.0;
				PRODUCT_BUNDLE_IDENTIFIER = com.karlinads.BasicInventorySystem;
				PRODUCT_NAME = "$(TARGET_NAME)";
				SWIFT_EMIT_LOC_STRINGS = YES;
				SWIFT_VERSION = 5.0;
				TARGETED_DEVICE_FAMILY = "1,2";
			};
			name = Debug;
		};
		CC2BF2E92CFF088100827174 /* Release */ = {
			isa = XCBuildConfiguration;
			buildSettings = {
				ASSETCATALOG_COMPILER_APPICON_NAME = AppIcon;
				ASSETCATALOG_COMPILER_GLOBAL_ACCENT_COLOR_NAME = AccentColor;
				CODE_SIGN_STYLE = Automatic;
				CURRENT_PROJECT_VERSION = 1;
				DEVELOPMENT_ASSET_PATHS = "\"BasicInventorySystem/Preview Content\"";
				DEVELOPMENT_TEAM = 9P9VTH9R87;
				ENABLE_PREVIEWS = YES;
				GENERATE_INFOPLIST_FILE = YES;
				INFOPLIST_KEY_NSCameraUsageDescription = "This app uses camera to capture photos";
				INFOPLIST_KEY_UIApplicationSceneManifest_Generation = YES;
				INFOPLIST_KEY_UIApplicationSupportsIndirectInputEvents = YES;
				INFOPLIST_KEY_UILaunchScreen_Generation = YES;
				INFOPLIST_KEY_UISupportedInterfaceOrientations_iPad = "UIInterfaceOrientationPortrait UIInterfaceOrientationPortraitUpsideDown UIInterfaceOrientationLandscapeLeft UIInterfaceOrientationLandscapeRight";
				INFOPLIST_KEY_UISupportedInterfaceOrientations_iPhone = "UIInterfaceOrientationPortrait UIInterfaceOrientationLandscapeLeft UIInterfaceOrientationLandscapeRight";
				IPHONEOS_DEPLOYMENT_TARGET = 16.6;
				LD_RUNPATH_SEARCH_PATHS = (
					"$(inherited)",
					"@executable_path/Frameworks",
				);
				MARKETING_VERSION = 1.0;
				PRODUCT_BUNDLE_IDENTIFIER = com.karlinads.BasicInventorySystem;
				PRODUCT_NAME = "$(TARGET_NAME)";
				SWIFT_EMIT_LOC_STRINGS = YES;
				SWIFT_VERSION = 5.0;
				TARGETED_DEVICE_FAMILY = "1,2";
			};
			name = Release;
		};
		CC2BF2EB2CFF088100827174 /* Debug */ = {
			isa = XCBuildConfiguration;
			buildSettings = {
				BUNDLE_LOADER = "$(TEST_HOST)";
				CODE_SIGN_STYLE = Automatic;
				CURRENT_PROJECT_VERSION = 1;
				GENERATE_INFOPLIST_FILE = YES;
				IPHONEOS_DEPLOYMENT_TARGET = 18.1;
				MARKETING_VERSION = 1.0;
				PRODUCT_BUNDLE_IDENTIFIER = com.karlinads.BasicInventorySystemTests;
				PRODUCT_NAME = "$(TARGET_NAME)";
				SWIFT_EMIT_LOC_STRINGS = NO;
				SWIFT_VERSION = 5.0;
				TARGETED_DEVICE_FAMILY = "1,2";
				TEST_HOST = "$(BUILT_PRODUCTS_DIR)/BasicInventorySystem.app/$(BUNDLE_EXECUTABLE_FOLDER_PATH)/BasicInventorySystem";
			};
			name = Debug;
		};
		CC2BF2EC2CFF088100827174 /* Release */ = {
			isa = XCBuildConfiguration;
			buildSettings = {
				BUNDLE_LOADER = "$(TEST_HOST)";
				CODE_SIGN_STYLE = Automatic;
				CURRENT_PROJECT_VERSION = 1;
				GENERATE_INFOPLIST_FILE = YES;
				IPHONEOS_DEPLOYMENT_TARGET = 18.1;
				MARKETING_VERSION = 1.0;
				PRODUCT_BUNDLE_IDENTIFIER = com.karlinads.BasicInventorySystemTests;
				PRODUCT_NAME = "$(TARGET_NAME)";
				SWIFT_EMIT_LOC_STRINGS = NO;
				SWIFT_VERSION = 5.0;
				TARGETED_DEVICE_FAMILY = "1,2";
				TEST_HOST = "$(BUILT_PRODUCTS_DIR)/BasicInventorySystem.app/$(BUNDLE_EXECUTABLE_FOLDER_PATH)/BasicInventorySystem";
			};
			name = Release;
		};
		CC2BF2EE2CFF088100827174 /* Debug */ = {
			isa = XCBuildConfiguration;
			buildSettings = {
				CODE_SIGN_STYLE = Automatic;
				CURRENT_PROJECT_VERSION = 1;
				GENERATE_INFOPLIST_FILE = YES;
				MARKETING_VERSION = 1.0;
				PRODUCT_BUNDLE_IDENTIFIER = com.karlinads.BasicInventorySystemUITests;
				PRODUCT_NAME = "$(TARGET_NAME)";
				SWIFT_EMIT_LOC_STRINGS = NO;
				SWIFT_VERSION = 5.0;
				TARGETED_DEVICE_FAMILY = "1,2";
				TEST_TARGET_NAME = BasicInventorySystem;
			};
			name = Debug;
		};
		CC2BF2EF2CFF088100827174 /* Release */ = {
			isa = XCBuildConfiguration;
			buildSettings = {
				CODE_SIGN_STYLE = Automatic;
				CURRENT_PROJECT_VERSION = 1;
				GENERATE_INFOPLIST_FILE = YES;
				MARKETING_VERSION = 1.0;
				PRODUCT_BUNDLE_IDENTIFIER = com.karlinads.BasicInventorySystemUITests;
				PRODUCT_NAME = "$(TARGET_NAME)";
				SWIFT_EMIT_LOC_STRINGS = NO;
				SWIFT_VERSION = 5.0;
				TARGETED_DEVICE_FAMILY = "1,2";
				TEST_TARGET_NAME = BasicInventorySystem;
			};
			name = Release;
		};
/* End XCBuildConfiguration section */

/* Begin XCConfigurationList section */
		CC2BF2BE2CFF087F00827174 /* Build configuration list for PBXProject "BasicInventorySystem" */ = {
			isa = XCConfigurationList;
			buildConfigurations = (
				CC2BF2E52CFF088100827174 /* Debug */,
				CC2BF2E62CFF088100827174 /* Release */,
			);
			defaultConfigurationIsVisible = 0;
			defaultConfigurationName = Release;
		};
		CC2BF2E72CFF088100827174 /* Build configuration list for PBXNativeTarget "BasicInventorySystem" */ = {
			isa = XCConfigurationList;
			buildConfigurations = (
				CC2BF2E82CFF088100827174 /* Debug */,
				CC2BF2E92CFF088100827174 /* Release */,
			);
			defaultConfigurationIsVisible = 0;
			defaultConfigurationName = Release;
		};
		CC2BF2EA2CFF088100827174 /* Build configuration list for PBXNativeTarget "BasicInventorySystemTests" */ = {
			isa = XCConfigurationList;
			buildConfigurations = (
				CC2BF2EB2CFF088100827174 /* Debug */,
				CC2BF2EC2CFF088100827174 /* Release */,
			);
			defaultConfigurationIsVisible = 0;
			defaultConfigurationName = Release;
		};
		CC2BF2ED2CFF088100827174 /* Build configuration list for PBXNativeTarget "BasicInventorySystemUITests" */ = {
			isa = XCConfigurationList;
			buildConfigurations = (
				CC2BF2EE2CFF088100827174 /* Debug */,
				CC2BF2EF2CFF088100827174 /* Release */,
			);
			defaultConfigurationIsVisible = 0;
			defaultConfigurationName = Release;
		};
/* End XCConfigurationList section */

/* Begin XCRemoteSwiftPackageReference section */
		CCBE49F22D08282C0036940C /* XCRemoteSwiftPackageReference "SQLite.swift" */ = {
			isa = XCRemoteSwiftPackageReference;
			repositoryURL = "https://github.com/stephencelis/SQLite.swift.git";
			requirement = {
				kind = upToNextMajorVersion;
				minimumVersion = 0.15.3;
			};
		};
/* End XCRemoteSwiftPackageReference section */
	};
	rootObject = CC2BF2BB2CFF087F00827174 /* Project object */;
}
